Microsoft Visual Studio Solution File, Format Version 12.00
# Visual Studio 15
VisualStudioVersion = 15.0.26124.0
MinimumVisualStudioVersion = 15.0.26124.0
Project("{9A19103F-16F7-4668-BE54-9A1E7A4F7556}") = "AllMarkt", "AllMarkt\AllMarkt.csproj", "{F2E60E2B-33E8-4CF8-9713-009ED61E1DF1}"
EndProject
Project("{FAE04EC0-301F-11D3-BF4B-00C04F79EFBC}") = "AllMarktTests", "AllMarktTests\AllMarktTests.csproj", "{5383EC9A-E0A1-40BE-98AC-21C263167652}"
EndProject
Global
	GlobalSection(SolutionConfigurationPlatforms) = preSolution
		Debug|Any CPU = Debug|Any CPU
		Release|Any CPU = Release|Any CPU
	EndGlobalSection
	GlobalSection(ProjectConfigurationPlatforms) = postSolution
		{F2E60E2B-33E8-4CF8-9713-009ED61E1DF1}.Debug|Any CPU.ActiveCfg = Debug|Any CPU
		{F2E60E2B-33E8-4CF8-9713-009ED61E1DF1}.Debug|Any CPU.Build.0 = Debug|Any CPU
		{F2E60E2B-33E8-4CF8-9713-009ED61E1DF1}.Release|Any CPU.ActiveCfg = Release|Any CPU
		{F2E60E2B-33E8-4CF8-9713-009ED61E1DF1}.Release|Any CPU.Build.0 = Release|Any CPU
		{5383EC9A-E0A1-40BE-98AC-21C263167652}.Debug|Any CPU.ActiveCfg = Debug|Any CPU
		{5383EC9A-E0A1-40BE-98AC-21C263167652}.Debug|Any CPU.Build.0 = Debug|Any CPU
		{5383EC9A-E0A1-40BE-98AC-21C263167652}.Release|Any CPU.ActiveCfg = Release|Any CPU
		{5383EC9A-E0A1-40BE-98AC-21C263167652}.Release|Any CPU.Build.0 = Release|Any CPU
	EndGlobalSection
	GlobalSection(SolutionProperties) = preSolution
		HideSolutionNode = FALSE
	EndGlobalSection
	GlobalSection(ExtensibilityGlobals) = postSolution
		SolutionGuid = {C2FA013E-C295-4606-AB40-40C7D503A871}
	EndGlobalSection
EndGlobal
